
Microsoft Visual Studio Solution File, Format Version 12.00
# Visual Studio Version 17
VisualStudioVersion = 17.2.32616.157
MinimumVisualStudioVersion = 10.0.40219.1
<<<<<<< Updated upstream
Project("{FAE04EC0-301F-11D3-BF4B-00C04F79EFBC}") = "StudentAccomodation", "StudentAccomodation\StudentAccomodation.csproj", "{BE2EC9C4-E4FF-4615-861A-CA7558AA02FE}"
=======
Project("{9A19103F-16F7-4668-BE54-9A1E7A4F7556}") = "StudentAccomodation", "StudentAccomodation\StudentAccomodation.csproj", "{BE2EC9C4-E4FF-4615-861A-CA7558AA02FE}"
EndProject
Project("{9A19103F-16F7-4668-BE54-9A1E7A4F7556}") = "StudentAccomodationTest", "StudentAccomodationTest\StudentAccomodationTest.csproj", "{59995EAD-3352-4DA8-9318-B247AC624D27}"
>>>>>>> Stashed changes
EndProject
Global
	GlobalSection(SolutionConfigurationPlatforms) = preSolution
		Debug|Any CPU = Debug|Any CPU
		Release|Any CPU = Release|Any CPU
	EndGlobalSection
	GlobalSection(ProjectConfigurationPlatforms) = postSolution
		{BE2EC9C4-E4FF-4615-861A-CA7558AA02FE}.Debug|Any CPU.ActiveCfg = Release|Any CPU
		{BE2EC9C4-E4FF-4615-861A-CA7558AA02FE}.Debug|Any CPU.Build.0 = Release|Any CPU
		{BE2EC9C4-E4FF-4615-861A-CA7558AA02FE}.Release|Any CPU.ActiveCfg = Release|Any CPU
		{BE2EC9C4-E4FF-4615-861A-CA7558AA02FE}.Release|Any CPU.Build.0 = Release|Any CPU
	EndGlobalSection
	GlobalSection(SolutionProperties) = preSolution
		HideSolutionNode = FALSE
	EndGlobalSection
	GlobalSection(ExtensibilityGlobals) = postSolution
		SolutionGuid = {035ED058-F67F-43D8-86E8-054E8A4A1402}
	EndGlobalSection
EndGlobal
